// !$*UTF8*$!
{
	archiveVersion = 1;
	classes = {
	};
	objectVersion = 46;
	objects = {

/* Begin PBXBuildFile section */
		07171A1D1FB9270600EBA8F3 /* StartViewController.swift in Sources */ = {isa = PBXBuildFile; fileRef = 071719F61FB9270600EBA8F3 /* StartViewController.swift */; };
		07FDAB161FB7F63C00D7D19A /* WelcomeViewController.swift in Sources */ = {isa = PBXBuildFile; fileRef = 07FDAB151FB7F63C00D7D19A /* WelcomeViewController.swift */; };
		07FE21DF1FAFCCEB006FE00F /* CommonFilterTests.swift in Sources */ = {isa = PBXBuildFile; fileRef = 07FE21DE1FAFCCEB006FE00F /* CommonFilterTests.swift */; };
		07FE22111FB01AE8006FE00F /* ExcludedCommonWordsList.txt in Resources */ = {isa = PBXBuildFile; fileRef = 07FE22101FB01AE8006FE00F /* ExcludedCommonWordsList.txt */; };
		07FE22931FB03958006FE00F /* SpeechFilterTests.swift in Sources */ = {isa = PBXBuildFile; fileRef = 07FE22921FB03958006FE00F /* SpeechFilterTests.swift */; };
		2916D4AF1FB9337A00F8271C /* SignInViewController.swift in Sources */ = {isa = PBXBuildFile; fileRef = 2916D4AC1FB9337A00F8271C /* SignInViewController.swift */; };
		2916D4B01FB9337A00F8271C /* SignInViewController.swift in Sources */ = {isa = PBXBuildFile; fileRef = 2916D4AC1FB9337A00F8271C /* SignInViewController.swift */; };
		2916D4B11FB9337A00F8271C /* SignInViewController.swift in Sources */ = {isa = PBXBuildFile; fileRef = 2916D4AC1FB9337A00F8271C /* SignInViewController.swift */; };
		2916D4B21FB9337A00F8271C /* InitializationViewController.swift in Sources */ = {isa = PBXBuildFile; fileRef = 2916D4AD1FB9337A00F8271C /* InitializationViewController.swift */; };
		2916D4B31FB9337A00F8271C /* InitializationViewController.swift in Sources */ = {isa = PBXBuildFile; fileRef = 2916D4AD1FB9337A00F8271C /* InitializationViewController.swift */; };
		2916D4B41FB9337A00F8271C /* InitializationViewController.swift in Sources */ = {isa = PBXBuildFile; fileRef = 2916D4AD1FB9337A00F8271C /* InitializationViewController.swift */; };
		2916D4B51FB9337A00F8271C /* SignUpViewController.swift in Sources */ = {isa = PBXBuildFile; fileRef = 2916D4AE1FB9337A00F8271C /* SignUpViewController.swift */; };
		2916D4B61FB9337A00F8271C /* SignUpViewController.swift in Sources */ = {isa = PBXBuildFile; fileRef = 2916D4AE1FB9337A00F8271C /* SignUpViewController.swift */; };
		2916D4B71FB9337A00F8271C /* SignUpViewController.swift in Sources */ = {isa = PBXBuildFile; fileRef = 2916D4AE1FB9337A00F8271C /* SignUpViewController.swift */; };
		294AF5311FB4EA330014356D /* KeychainItemAccessibility.swift in Sources */ = {isa = PBXBuildFile; fileRef = 294AF5091FB4EA330014356D /* KeychainItemAccessibility.swift */; };
		294AF5321FB4EA330014356D /* KeychainWrapper.swift in Sources */ = {isa = PBXBuildFile; fileRef = 294AF5301FB4EA330014356D /* KeychainWrapper.swift */; };
		299FF2201FAD5AA00012595B /* audio-file.flac in Resources */ = {isa = PBXBuildFile; fileRef = 299FF21E1FAD5AA00012595B /* audio-file.flac */; };
		299FF2211FAD5AA00012595B /* dataObjs.swift in Sources */ = {isa = PBXBuildFile; fileRef = 299FF21F1FAD5AA00012595B /* dataObjs.swift */; };
		299FF29A1FAD5CC40012595B /* SpeechToTextV1.framework in Frameworks */ = {isa = PBXBuildFile; fileRef = 299FF2851FAD5C980012595B /* SpeechToTextV1.framework */; };
		299FF29B1FAD5CC40012595B /* SpeechToTextV1.framework in Embed Frameworks */ = {isa = PBXBuildFile; fileRef = 299FF2851FAD5C980012595B /* SpeechToTextV1.framework */; settings = {ATTRIBUTES = (CodeSignOnCopy, RemoveHeadersOnCopy, ); }; };
		7E383EAF1FBFAE3A004BCF80 /* simplediff.swift in Sources */ = {isa = PBXBuildFile; fileRef = 7E383EAD1FBFAE3A004BCF80 /* simplediff.swift */; };
		7E383EB01FBFAE3A004BCF80 /* simplediff.swift in Sources */ = {isa = PBXBuildFile; fileRef = 7E383EAD1FBFAE3A004BCF80 /* simplediff.swift */; };
		7E383EB11FBFAE3A004BCF80 /* simplediff.swift in Sources */ = {isa = PBXBuildFile; fileRef = 7E383EAD1FBFAE3A004BCF80 /* simplediff.swift */; };
		7EBBD3451FBCF5E400B9C7E9 /* GoogleService-Info.plist in Resources */ = {isa = PBXBuildFile; fileRef = 7EBBD3441FBCF5E400B9C7E9 /* GoogleService-Info.plist */; };
		7EBBD3461FBCF5E400B9C7E9 /* GoogleService-Info.plist in Resources */ = {isa = PBXBuildFile; fileRef = 7EBBD3441FBCF5E400B9C7E9 /* GoogleService-Info.plist */; };
		7EBBD3471FBCF5E400B9C7E9 /* GoogleService-Info.plist in Resources */ = {isa = PBXBuildFile; fileRef = 7EBBD3441FBCF5E400B9C7E9 /* GoogleService-Info.plist */; };
		8496EEE71FA72B2500232112 /* AppDelegate.swift in Sources */ = {isa = PBXBuildFile; fileRef = 8496EEE61FA72B2500232112 /* AppDelegate.swift */; };
		8496EEEC1FA72B2500232112 /* Main.storyboard in Resources */ = {isa = PBXBuildFile; fileRef = 8496EEEA1FA72B2500232112 /* Main.storyboard */; };
		8496EEEE1FA72B2500232112 /* Assets.xcassets in Resources */ = {isa = PBXBuildFile; fileRef = 8496EEED1FA72B2500232112 /* Assets.xcassets */; };
		8496EEF11FA72B2500232112 /* LaunchScreen.storyboard in Resources */ = {isa = PBXBuildFile; fileRef = 8496EEEF1FA72B2500232112 /* LaunchScreen.storyboard */; };
		8496EEFC1FA72B2500232112 /* Refined_DictationTests.swift in Sources */ = {isa = PBXBuildFile; fileRef = 8496EEFB1FA72B2500232112 /* Refined_DictationTests.swift */; };
		8496EF071FA72B2500232112 /* Refined_DictationUITests.swift in Sources */ = {isa = PBXBuildFile; fileRef = 8496EF061FA72B2500232112 /* Refined_DictationUITests.swift */; };
		84F096A71FAC1006007E9E36 /* RecordingViewController.swift in Sources */ = {isa = PBXBuildFile; fileRef = 84F096A61FAC1006007E9E36 /* RecordingViewController.swift */; };
		84F096A91FAC749D007E9E36 /* VerificationViewController.swift in Sources */ = {isa = PBXBuildFile; fileRef = 84F096A81FAC749D007E9E36 /* VerificationViewController.swift */; };
		D4DC59781DC3C5A68CB1D11B /* Pods_Refined_Dictation.framework in Frameworks */ = {isa = PBXBuildFile; fileRef = 2B43AAF71306A2655FE13F6B /* Pods_Refined_Dictation.framework */; };
		E42CFF3EDA2D9477D51BA064 /* Pods_Refined_DictationTests.framework in Frameworks */ = {isa = PBXBuildFile; fileRef = D9CEB24020945325424E2619 /* Pods_Refined_DictationTests.framework */; };
		EB9FBB824B6C8B6D2961085F /* Pods_Refined_DictationUITests.framework in Frameworks */ = {isa = PBXBuildFile; fileRef = C238D9B695ED6AFF11214407 /* Pods_Refined_DictationUITests.framework */; };
/* End PBXBuildFile section */

/* Begin PBXContainerItemProxy section */
		299FF24C1FAD5C980012595B /* PBXContainerItemProxy */ = {
			isa = PBXContainerItemProxy;
			containerPortal = 299FF2221FAD5C970012595B /* WatsonDeveloperCloud.xcodeproj */;
			proxyType = 2;
			remoteGlobalIDString = B1A8E4FC1D19CEDA00678412;
			remoteInfo = AlchemyDataNewsV1;
		};
		299FF24E1FAD5C980012595B /* PBXContainerItemProxy */ = {
			isa = PBXContainerItemProxy;
			containerPortal = 299FF2221FAD5C970012595B /* WatsonDeveloperCloud.xcodeproj */;
			proxyType = 2;
			remoteGlobalIDString = B1A8E5051D19CEDB00678412;
			remoteInfo = AlchemyDataNewsV1Tests;
		};
		299FF2501FAD5C980012595B /* PBXContainerItemProxy */ = {
			isa = PBXContainerItemProxy;
			containerPortal = 299FF2221FAD5C970012595B /* WatsonDeveloperCloud.xcodeproj */;
			proxyType = 2;
			remoteGlobalIDString = 7AAAF5641CEEA2DF00B74848;
			remoteInfo = AlchemyLanguageV1;
		};
		299FF2521FAD5C980012595B /* PBXContainerItemProxy */ = {
			isa = PBXContainerItemProxy;
			containerPortal = 299FF2221FAD5C970012595B /* WatsonDeveloperCloud.xcodeproj */;
			proxyType = 2;
			remoteGlobalIDString = 7AAAF56D1CEEA2DF00B74848;
			remoteInfo = AlchemyLanguageV1Tests;
		};
		299FF2541FAD5C980012595B /* PBXContainerItemProxy */ = {
			isa = PBXContainerItemProxy;
			containerPortal = 299FF2221FAD5C970012595B /* WatsonDeveloperCloud.xcodeproj */;
			proxyType = 2;
			remoteGlobalIDString = 7AAAF5361CEEA23D00B74848;
			remoteInfo = AlchemyVisionV1;
		};
		299FF2561FAD5C980012595B /* PBXContainerItemProxy */ = {
			isa = PBXContainerItemProxy;
			containerPortal = 299FF2221FAD5C970012595B /* WatsonDeveloperCloud.xcodeproj */;
			proxyType = 2;
			remoteGlobalIDString = 7AAAF53F1CEEA23E00B74848;
			remoteInfo = AlchemyVisionV1Tests;
		};
		299FF2581FAD5C980012595B /* PBXContainerItemProxy */ = {
			isa = PBXContainerItemProxy;
			containerPortal = 299FF2221FAD5C970012595B /* WatsonDeveloperCloud.xcodeproj */;
			proxyType = 2;
			remoteGlobalIDString = 7AB445241D3E647A00E8748A;
			remoteInfo = ConversationV1;
		};
		299FF25A1FAD5C980012595B /* PBXContainerItemProxy */ = {
			isa = PBXContainerItemProxy;
			containerPortal = 299FF2221FAD5C970012595B /* WatsonDeveloperCloud.xcodeproj */;
			proxyType = 2;
			remoteGlobalIDString = 7AB4452D1D3E647A00E8748A;
			remoteInfo = ConversationV1Tests;
		};
		299FF25C1FAD5C980012595B /* PBXContainerItemProxy */ = {
			isa = PBXContainerItemProxy;
			containerPortal = 299FF2221FAD5C970012595B /* WatsonDeveloperCloud.xcodeproj */;
			proxyType = 2;
			remoteGlobalIDString = 7AAAF5091CEEA1DA00B74848;
			remoteInfo = DialogV1;
		};
		299FF25E1FAD5C980012595B /* PBXContainerItemProxy */ = {
			isa = PBXContainerItemProxy;
			containerPortal = 299FF2221FAD5C970012595B /* WatsonDeveloperCloud.xcodeproj */;
			proxyType = 2;
			remoteGlobalIDString = 7AAAF5121CEEA1DA00B74848;
			remoteInfo = DialogV1Tests;
		};
		299FF2601FAD5C980012595B /* PBXContainerItemProxy */ = {
			isa = PBXContainerItemProxy;
			containerPortal = 299FF2221FAD5C970012595B /* WatsonDeveloperCloud.xcodeproj */;
			proxyType = 2;
			remoteGlobalIDString = 12F800401DF71921006851D6;
			remoteInfo = DiscoveryV1;
		};
		299FF2621FAD5C980012595B /* PBXContainerItemProxy */ = {
			isa = PBXContainerItemProxy;
			containerPortal = 299FF2221FAD5C970012595B /* WatsonDeveloperCloud.xcodeproj */;
			proxyType = 2;
			remoteGlobalIDString = 12F800481DF71921006851D6;
			remoteInfo = DiscoveryV1Tests;
		};
		299FF2641FAD5C980012595B /* PBXContainerItemProxy */ = {
			isa = PBXContainerItemProxy;
			containerPortal = 299FF2221FAD5C970012595B /* WatsonDeveloperCloud.xcodeproj */;
			proxyType = 2;
			remoteGlobalIDString = B1AAD2D31D08656B002DAB84;
			remoteInfo = DocumentConversionV1;
		};
		299FF2661FAD5C980012595B /* PBXContainerItemProxy */ = {
			isa = PBXContainerItemProxy;
			containerPortal = 299FF2221FAD5C970012595B /* WatsonDeveloperCloud.xcodeproj */;
			proxyType = 2;
			remoteGlobalIDString = B1AAD2DC1D08656B002DAB84;
			remoteInfo = DocumentConversionV1Tests;
		};
		299FF2681FAD5C980012595B /* PBXContainerItemProxy */ = {
			isa = PBXContainerItemProxy;
			containerPortal = 299FF2221FAD5C970012595B /* WatsonDeveloperCloud.xcodeproj */;
			proxyType = 2;
			remoteGlobalIDString = 7AAAF4DC1CEEA16100B74848;
			remoteInfo = LanguageTranslatorV2;
		};
		299FF26A1FAD5C980012595B /* PBXContainerItemProxy */ = {
			isa = PBXContainerItemProxy;
			containerPortal = 299FF2221FAD5C970012595B /* WatsonDeveloperCloud.xcodeproj */;
			proxyType = 2;
			remoteGlobalIDString = 7AAAF4E51CEEA16100B74848;
			remoteInfo = LanguageTranslatorV2Tests;
		};
		299FF26C1FAD5C980012595B /* PBXContainerItemProxy */ = {
			isa = PBXContainerItemProxy;
			containerPortal = 299FF2221FAD5C970012595B /* WatsonDeveloperCloud.xcodeproj */;
			proxyType = 2;
			remoteGlobalIDString = 7AAAF4AF1CEEA10600B74848;
			remoteInfo = NaturalLanguageClassifierV1;
		};
		299FF26E1FAD5C980012595B /* PBXContainerItemProxy */ = {
			isa = PBXContainerItemProxy;
			containerPortal = 299FF2221FAD5C970012595B /* WatsonDeveloperCloud.xcodeproj */;
			proxyType = 2;
			remoteGlobalIDString = 7AAAF4B81CEEA10700B74848;
			remoteInfo = NaturalLanguageClassifierV1Tests;
		};
		299FF2701FAD5C980012595B /* PBXContainerItemProxy */ = {
			isa = PBXContainerItemProxy;
			containerPortal = 299FF2221FAD5C970012595B /* WatsonDeveloperCloud.xcodeproj */;
			proxyType = 2;
			remoteGlobalIDString = 1241DFAE1E380F0A00B8B33E;
			remoteInfo = NaturalLanguageUnderstandingV1;
		};
		299FF2721FAD5C980012595B /* PBXContainerItemProxy */ = {
			isa = PBXContainerItemProxy;
			containerPortal = 299FF2221FAD5C970012595B /* WatsonDeveloperCloud.xcodeproj */;
			proxyType = 2;
			remoteGlobalIDString = 1241DFB61E380F0A00B8B33E;
			remoteInfo = NaturalLanguageUnderstandingV1Tests;
		};
		299FF2741FAD5C980012595B /* PBXContainerItemProxy */ = {
			isa = PBXContainerItemProxy;
			containerPortal = 299FF2221FAD5C970012595B /* WatsonDeveloperCloud.xcodeproj */;
			proxyType = 2;
			remoteGlobalIDString = 7AAAF4851CEEA07900B74848;
			remoteInfo = PersonalityInsightsV2;
		};
		299FF2761FAD5C980012595B /* PBXContainerItemProxy */ = {
			isa = PBXContainerItemProxy;
			containerPortal = 299FF2221FAD5C970012595B /* WatsonDeveloperCloud.xcodeproj */;
			proxyType = 2;
			remoteGlobalIDString = 7AAAF48E1CEEA07900B74848;
			remoteInfo = PersonalityInsightsV2Tests;
		};
		299FF2781FAD5C980012595B /* PBXContainerItemProxy */ = {
			isa = PBXContainerItemProxy;
			containerPortal = 299FF2221FAD5C970012595B /* WatsonDeveloperCloud.xcodeproj */;
			proxyType = 2;
			remoteGlobalIDString = 7A6711801DD0EEEB0070CA9D;
			remoteInfo = PersonalityInsightsV3;
		};
		299FF27A1FAD5C980012595B /* PBXContainerItemProxy */ = {
			isa = PBXContainerItemProxy;
			containerPortal = 299FF2221FAD5C970012595B /* WatsonDeveloperCloud.xcodeproj */;
			proxyType = 2;
			remoteGlobalIDString = 7A6711881DD0EEEB0070CA9D;
			remoteInfo = PersonalityInsightsV3Tests;
		};
		299FF27C1FAD5C980012595B /* PBXContainerItemProxy */ = {
			isa = PBXContainerItemProxy;
			containerPortal = 299FF2221FAD5C970012595B /* WatsonDeveloperCloud.xcodeproj */;
			proxyType = 2;
			remoteGlobalIDString = 7A987D4B1D19D887003626B2;
			remoteInfo = RelationshipExtractionV1Beta;
		};
		299FF27E1FAD5C980012595B /* PBXContainerItemProxy */ = {
			isa = PBXContainerItemProxy;
			containerPortal = 299FF2221FAD5C970012595B /* WatsonDeveloperCloud.xcodeproj */;
			proxyType = 2;
			remoteGlobalIDString = 7A987D541D19D887003626B2;
			remoteInfo = RelationshipExtractionV1BetaTests;
		};
		299FF2801FAD5C980012595B /* PBXContainerItemProxy */ = {
			isa = PBXContainerItemProxy;
			containerPortal = 299FF2221FAD5C970012595B /* WatsonDeveloperCloud.xcodeproj */;
			proxyType = 2;
			remoteGlobalIDString = 123B47121D1B3ABA007D0B22;
			remoteInfo = RetrieveAndRankV1;
		};
		299FF2821FAD5C980012595B /* PBXContainerItemProxy */ = {
			isa = PBXContainerItemProxy;
			containerPortal = 299FF2221FAD5C970012595B /* WatsonDeveloperCloud.xcodeproj */;
			proxyType = 2;
			remoteGlobalIDString = 123B471B1D1B3ABA007D0B22;
			remoteInfo = RetrieveAndRankV1Tests;
		};
		299FF2841FAD5C980012595B /* PBXContainerItemProxy */ = {
			isa = PBXContainerItemProxy;
			containerPortal = 299FF2221FAD5C970012595B /* WatsonDeveloperCloud.xcodeproj */;
			proxyType = 2;
			remoteGlobalIDString = 7AAAF44E1CEE9F8800B74848;
			remoteInfo = SpeechToTextV1;
		};
		299FF2861FAD5C980012595B /* PBXContainerItemProxy */ = {
			isa = PBXContainerItemProxy;
			containerPortal = 299FF2221FAD5C970012595B /* WatsonDeveloperCloud.xcodeproj */;
			proxyType = 2;
			remoteGlobalIDString = 7AAAF4571CEE9F8800B74848;
			remoteInfo = SpeechToTextV1Tests;
		};
		299FF2881FAD5C980012595B /* PBXContainerItemProxy */ = {
			isa = PBXContainerItemProxy;
			containerPortal = 299FF2221FAD5C970012595B /* WatsonDeveloperCloud.xcodeproj */;
			proxyType = 2;
			remoteGlobalIDString = 124C2DEF1D19E29000D9F602;
			remoteInfo = TextToSpeechV1;
		};
		299FF28A1FAD5C980012595B /* PBXContainerItemProxy */ = {
			isa = PBXContainerItemProxy;
			containerPortal = 299FF2221FAD5C970012595B /* WatsonDeveloperCloud.xcodeproj */;
			proxyType = 2;
			remoteGlobalIDString = 124C2DF81D19E29100D9F602;
			remoteInfo = TextToSpeechV1Tests;
		};
		299FF28C1FAD5C980012595B /* PBXContainerItemProxy */ = {
			isa = PBXContainerItemProxy;
			containerPortal = 299FF2221FAD5C970012595B /* WatsonDeveloperCloud.xcodeproj */;
			proxyType = 2;
			remoteGlobalIDString = 7AAAF3F81CEE9D1900B74848;
			remoteInfo = ToneAnalyzerV3;
		};
		299FF28E1FAD5C980012595B /* PBXContainerItemProxy */ = {
			isa = PBXContainerItemProxy;
			containerPortal = 299FF2221FAD5C970012595B /* WatsonDeveloperCloud.xcodeproj */;
			proxyType = 2;
			remoteGlobalIDString = 7AAAF4011CEE9D1900B74848;
			remoteInfo = ToneAnalyzerV3Tests;
		};
		299FF2901FAD5C980012595B /* PBXContainerItemProxy */ = {
			isa = PBXContainerItemProxy;
			containerPortal = 299FF2221FAD5C970012595B /* WatsonDeveloperCloud.xcodeproj */;
			proxyType = 2;
			remoteGlobalIDString = 7A987D141D19D424003626B2;
			remoteInfo = TradeoffAnalyticsV1;
		};
		299FF2921FAD5C980012595B /* PBXContainerItemProxy */ = {
			isa = PBXContainerItemProxy;
			containerPortal = 299FF2221FAD5C970012595B /* WatsonDeveloperCloud.xcodeproj */;
			proxyType = 2;
			remoteGlobalIDString = 7A987D1D1D19D424003626B2;
			remoteInfo = TradeoffAnalyticsV1Tests;
		};
		299FF2941FAD5C980012595B /* PBXContainerItemProxy */ = {
			isa = PBXContainerItemProxy;
			containerPortal = 299FF2221FAD5C970012595B /* WatsonDeveloperCloud.xcodeproj */;
			proxyType = 2;
			remoteGlobalIDString = 7AAAF3C31CEE9A3700B74848;
			remoteInfo = VisualRecognitionV3;
		};
		299FF2961FAD5C980012595B /* PBXContainerItemProxy */ = {
			isa = PBXContainerItemProxy;
			containerPortal = 299FF2221FAD5C970012595B /* WatsonDeveloperCloud.xcodeproj */;
			proxyType = 2;
			remoteGlobalIDString = 7AAAF3CC1CEE9A3700B74848;
			remoteInfo = VisualRecognitionV3Tests;
		};
		299FF2981FAD5C980012595B /* PBXContainerItemProxy */ = {
			isa = PBXContainerItemProxy;
			containerPortal = 299FF2221FAD5C970012595B /* WatsonDeveloperCloud.xcodeproj */;
			proxyType = 2;
			remoteGlobalIDString = 7AAAF3A71CEE99FC00B74848;
			remoteInfo = RestKitTests;
		};
		299FF29C1FAD5CC40012595B /* PBXContainerItemProxy */ = {
			isa = PBXContainerItemProxy;
			containerPortal = 299FF2221FAD5C970012595B /* WatsonDeveloperCloud.xcodeproj */;
			proxyType = 1;
			remoteGlobalIDString = 7AAAF44D1CEE9F8800B74848;
			remoteInfo = SpeechToTextV1;
		};
		8496EEF81FA72B2500232112 /* PBXContainerItemProxy */ = {
			isa = PBXContainerItemProxy;
			containerPortal = 8496EEDB1FA72B2500232112 /* Project object */;
			proxyType = 1;
			remoteGlobalIDString = 8496EEE21FA72B2500232112;
			remoteInfo = "Refined Dictation";
		};
		8496EF031FA72B2500232112 /* PBXContainerItemProxy */ = {
			isa = PBXContainerItemProxy;
			containerPortal = 8496EEDB1FA72B2500232112 /* Project object */;
			proxyType = 1;
			remoteGlobalIDString = 8496EEE21FA72B2500232112;
			remoteInfo = "Refined Dictation";
		};
/* End PBXContainerItemProxy section */

/* Begin PBXCopyFilesBuildPhase section */
		299FF29E1FAD5CC40012595B /* Embed Frameworks */ = {
			isa = PBXCopyFilesBuildPhase;
			buildActionMask = 2147483647;
			dstPath = "";
			dstSubfolderSpec = 10;
			files = (
				299FF29B1FAD5CC40012595B /* SpeechToTextV1.framework in Embed Frameworks */,
			);
			name = "Embed Frameworks";
			runOnlyForDeploymentPostprocessing = 0;
		};
/* End PBXCopyFilesBuildPhase section */

/* Begin PBXFileReference section */
		071719F61FB9270600EBA8F3 /* StartViewController.swift */ = {isa = PBXFileReference; fileEncoding = 4; lastKnownFileType = sourcecode.swift; path = StartViewController.swift; sourceTree = "<group>"; };
		07FDAB151FB7F63C00D7D19A /* WelcomeViewController.swift */ = {isa = PBXFileReference; lastKnownFileType = sourcecode.swift; path = WelcomeViewController.swift; sourceTree = "<group>"; };
		07FE21DE1FAFCCEB006FE00F /* CommonFilterTests.swift */ = {isa = PBXFileReference; lastKnownFileType = sourcecode.swift; path = CommonFilterTests.swift; sourceTree = "<group>"; };
		07FE22101FB01AE8006FE00F /* ExcludedCommonWordsList.txt */ = {isa = PBXFileReference; fileEncoding = 4; lastKnownFileType = text; path = ExcludedCommonWordsList.txt; sourceTree = "<group>"; };
		07FE22921FB03958006FE00F /* SpeechFilterTests.swift */ = {isa = PBXFileReference; lastKnownFileType = sourcecode.swift; path = SpeechFilterTests.swift; sourceTree = "<group>"; };
		2916D4AC1FB9337A00F8271C /* SignInViewController.swift */ = {isa = PBXFileReference; fileEncoding = 4; lastKnownFileType = sourcecode.swift; path = SignInViewController.swift; sourceTree = "<group>"; };
		2916D4AD1FB9337A00F8271C /* InitializationViewController.swift */ = {isa = PBXFileReference; fileEncoding = 4; lastKnownFileType = sourcecode.swift; path = InitializationViewController.swift; sourceTree = "<group>"; };
		2916D4AE1FB9337A00F8271C /* SignUpViewController.swift */ = {isa = PBXFileReference; fileEncoding = 4; lastKnownFileType = sourcecode.swift; path = SignUpViewController.swift; sourceTree = "<group>"; };
		294AF5091FB4EA330014356D /* KeychainItemAccessibility.swift */ = {isa = PBXFileReference; fileEncoding = 4; lastKnownFileType = sourcecode.swift; path = KeychainItemAccessibility.swift; sourceTree = "<group>"; };
		294AF5301FB4EA330014356D /* KeychainWrapper.swift */ = {isa = PBXFileReference; fileEncoding = 4; lastKnownFileType = sourcecode.swift; path = KeychainWrapper.swift; sourceTree = "<group>"; };
		299FF21E1FAD5AA00012595B /* audio-file.flac */ = {isa = PBXFileReference; lastKnownFileType = file; path = "audio-file.flac"; sourceTree = "<group>"; };
		299FF21F1FAD5AA00012595B /* dataObjs.swift */ = {isa = PBXFileReference; fileEncoding = 4; lastKnownFileType = sourcecode.swift; path = dataObjs.swift; sourceTree = "<group>"; };
		299FF2221FAD5C970012595B /* WatsonDeveloperCloud.xcodeproj */ = {isa = PBXFileReference; lastKnownFileType = "wrapper.pb-project"; name = WatsonDeveloperCloud.xcodeproj; path = "swift-sdk/WatsonDeveloperCloud.xcodeproj"; sourceTree = "<group>"; };
		29F71C1E1FB91BE7005C7205 /* Refined Dictation.entitlements */ = {isa = PBXFileReference; lastKnownFileType = text.plist.entitlements; path = "Refined Dictation.entitlements"; sourceTree = "<group>"; };
		2B43AAF71306A2655FE13F6B /* Pods_Refined_Dictation.framework */ = {isa = PBXFileReference; explicitFileType = wrapper.framework; includeInIndex = 0; path = Pods_Refined_Dictation.framework; sourceTree = BUILT_PRODUCTS_DIR; };
		34FB49B7118883150F4AAA5C /* Pods-Refined DictationUITests.debug.xcconfig */ = {isa = PBXFileReference; includeInIndex = 1; lastKnownFileType = text.xcconfig; name = "Pods-Refined DictationUITests.debug.xcconfig"; path = "Pods/Target Support Files/Pods-Refined DictationUITests/Pods-Refined DictationUITests.debug.xcconfig"; sourceTree = "<group>"; };
		7E383EAD1FBFAE3A004BCF80 /* simplediff.swift */ = {isa = PBXFileReference; fileEncoding = 4; lastKnownFileType = sourcecode.swift; name = simplediff.swift; path = "simple-diff/simplediff.swift"; sourceTree = SOURCE_ROOT; };
		7EBBD3441FBCF5E400B9C7E9 /* GoogleService-Info.plist */ = {isa = PBXFileReference; fileEncoding = 4; lastKnownFileType = text.plist.xml; path = "GoogleService-Info.plist"; sourceTree = "<group>"; };
		8496EEE31FA72B2500232112 /* Refined Dictation.app */ = {isa = PBXFileReference; explicitFileType = wrapper.application; includeInIndex = 0; path = "Refined Dictation.app"; sourceTree = BUILT_PRODUCTS_DIR; };
		8496EEE61FA72B2500232112 /* AppDelegate.swift */ = {isa = PBXFileReference; lastKnownFileType = sourcecode.swift; path = AppDelegate.swift; sourceTree = "<group>"; };
		8496EEEB1FA72B2500232112 /* Base */ = {isa = PBXFileReference; lastKnownFileType = file.storyboard; name = Base; path = Base.lproj/Main.storyboard; sourceTree = "<group>"; };
		8496EEED1FA72B2500232112 /* Assets.xcassets */ = {isa = PBXFileReference; lastKnownFileType = folder.assetcatalog; path = Assets.xcassets; sourceTree = "<group>"; };
		8496EEF01FA72B2500232112 /* Base */ = {isa = PBXFileReference; lastKnownFileType = file.storyboard; name = Base; path = Base.lproj/LaunchScreen.storyboard; sourceTree = "<group>"; };
		8496EEF21FA72B2500232112 /* Info.plist */ = {isa = PBXFileReference; lastKnownFileType = text.plist.xml; path = Info.plist; sourceTree = "<group>"; };
		8496EEF71FA72B2500232112 /* Refined DictationTests.xctest */ = {isa = PBXFileReference; explicitFileType = wrapper.cfbundle; includeInIndex = 0; path = "Refined DictationTests.xctest"; sourceTree = BUILT_PRODUCTS_DIR; };
		8496EEFB1FA72B2500232112 /* Refined_DictationTests.swift */ = {isa = PBXFileReference; lastKnownFileType = sourcecode.swift; path = Refined_DictationTests.swift; sourceTree = "<group>"; };
		8496EEFD1FA72B2500232112 /* Info.plist */ = {isa = PBXFileReference; lastKnownFileType = text.plist.xml; path = Info.plist; sourceTree = "<group>"; };
		8496EF021FA72B2500232112 /* Refined DictationUITests.xctest */ = {isa = PBXFileReference; explicitFileType = wrapper.cfbundle; includeInIndex = 0; path = "Refined DictationUITests.xctest"; sourceTree = BUILT_PRODUCTS_DIR; };
		8496EF061FA72B2500232112 /* Refined_DictationUITests.swift */ = {isa = PBXFileReference; lastKnownFileType = sourcecode.swift; path = Refined_DictationUITests.swift; sourceTree = "<group>"; };
		8496EF081FA72B2500232112 /* Info.plist */ = {isa = PBXFileReference; lastKnownFileType = text.plist.xml; path = Info.plist; sourceTree = "<group>"; };
		84F096A61FAC1006007E9E36 /* RecordingViewController.swift */ = {isa = PBXFileReference; fileEncoding = 4; lastKnownFileType = sourcecode.swift; path = RecordingViewController.swift; sourceTree = "<group>"; };
		84F096A81FAC749D007E9E36 /* VerificationViewController.swift */ = {isa = PBXFileReference; fileEncoding = 4; lastKnownFileType = sourcecode.swift; path = VerificationViewController.swift; sourceTree = "<group>"; };
		8706F39B204CE53572445B57 /* Pods-Refined DictationTests.release.xcconfig */ = {isa = PBXFileReference; includeInIndex = 1; lastKnownFileType = text.xcconfig; name = "Pods-Refined DictationTests.release.xcconfig"; path = "Pods/Target Support Files/Pods-Refined DictationTests/Pods-Refined DictationTests.release.xcconfig"; sourceTree = "<group>"; };
		8ABBA07580B958550DDAF5B9 /* Pods-Refined Dictation.release.xcconfig */ = {isa = PBXFileReference; includeInIndex = 1; lastKnownFileType = text.xcconfig; name = "Pods-Refined Dictation.release.xcconfig"; path = "Pods/Target Support Files/Pods-Refined Dictation/Pods-Refined Dictation.release.xcconfig"; sourceTree = "<group>"; };
		B0EC71B7A293AEDA186A1E96 /* Pods-Refined Dictation.debug.xcconfig */ = {isa = PBXFileReference; includeInIndex = 1; lastKnownFileType = text.xcconfig; name = "Pods-Refined Dictation.debug.xcconfig"; path = "Pods/Target Support Files/Pods-Refined Dictation/Pods-Refined Dictation.debug.xcconfig"; sourceTree = "<group>"; };
		B609DD33EF445011B39048DE /* Pods-Refined DictationTests.debug.xcconfig */ = {isa = PBXFileReference; includeInIndex = 1; lastKnownFileType = text.xcconfig; name = "Pods-Refined DictationTests.debug.xcconfig"; path = "Pods/Target Support Files/Pods-Refined DictationTests/Pods-Refined DictationTests.debug.xcconfig"; sourceTree = "<group>"; };
		C238D9B695ED6AFF11214407 /* Pods_Refined_DictationUITests.framework */ = {isa = PBXFileReference; explicitFileType = wrapper.framework; includeInIndex = 0; path = Pods_Refined_DictationUITests.framework; sourceTree = BUILT_PRODUCTS_DIR; };
		CAA4B7451E9D24EB6DF8DE74 /* Pods-Refined DictationUITests.release.xcconfig */ = {isa = PBXFileReference; includeInIndex = 1; lastKnownFileType = text.xcconfig; name = "Pods-Refined DictationUITests.release.xcconfig"; path = "Pods/Target Support Files/Pods-Refined DictationUITests/Pods-Refined DictationUITests.release.xcconfig"; sourceTree = "<group>"; };
		D9CEB24020945325424E2619 /* Pods_Refined_DictationTests.framework */ = {isa = PBXFileReference; explicitFileType = wrapper.framework; includeInIndex = 0; path = Pods_Refined_DictationTests.framework; sourceTree = BUILT_PRODUCTS_DIR; };
/* End PBXFileReference section */

/* Begin PBXFrameworksBuildPhase section */
		8496EEE01FA72B2500232112 /* Frameworks */ = {
			isa = PBXFrameworksBuildPhase;
			buildActionMask = 2147483647;
			files = (
				299FF29A1FAD5CC40012595B /* SpeechToTextV1.framework in Frameworks */,
				D4DC59781DC3C5A68CB1D11B /* Pods_Refined_Dictation.framework in Frameworks */,
			);
			runOnlyForDeploymentPostprocessing = 0;
		};
		8496EEF41FA72B2500232112 /* Frameworks */ = {
			isa = PBXFrameworksBuildPhase;
			buildActionMask = 2147483647;
			files = (
				E42CFF3EDA2D9477D51BA064 /* Pods_Refined_DictationTests.framework in Frameworks */,
			);
			runOnlyForDeploymentPostprocessing = 0;
		};
		8496EEFF1FA72B2500232112 /* Frameworks */ = {
			isa = PBXFrameworksBuildPhase;
			buildActionMask = 2147483647;
			files = (
				EB9FBB824B6C8B6D2961085F /* Pods_Refined_DictationUITests.framework in Frameworks */,
			);
			runOnlyForDeploymentPostprocessing = 0;
		};
/* End PBXFrameworksBuildPhase section */

/* Begin PBXGroup section */
		125B07E3CF3EFE84090D4263 /* Pods */ = {
			isa = PBXGroup;
			children = (
				B0EC71B7A293AEDA186A1E96 /* Pods-Refined Dictation.debug.xcconfig */,
				8ABBA07580B958550DDAF5B9 /* Pods-Refined Dictation.release.xcconfig */,
				B609DD33EF445011B39048DE /* Pods-Refined DictationTests.debug.xcconfig */,
				8706F39B204CE53572445B57 /* Pods-Refined DictationTests.release.xcconfig */,
				34FB49B7118883150F4AAA5C /* Pods-Refined DictationUITests.debug.xcconfig */,
				CAA4B7451E9D24EB6DF8DE74 /* Pods-Refined DictationUITests.release.xcconfig */,
			);
			name = Pods;
			sourceTree = "<group>";
		};
		299FF2231FAD5C970012595B /* Products */ = {
			isa = PBXGroup;
			children = (
				299FF24D1FAD5C980012595B /* AlchemyDataNewsV1.framework */,
				299FF24F1FAD5C980012595B /* AlchemyDataNewsV1Tests.xctest */,
				299FF2511FAD5C980012595B /* AlchemyLanguageV1.framework */,
				299FF2531FAD5C980012595B /* AlchemyLanguageV1Tests.xctest */,
				299FF2551FAD5C980012595B /* AlchemyVisionV1.framework */,
				299FF2571FAD5C980012595B /* AlchemyVisionV1Tests.xctest */,
				299FF2591FAD5C980012595B /* ConversationV1.framework */,
				299FF25B1FAD5C980012595B /* ConversationV1Tests.xctest */,
				299FF25D1FAD5C980012595B /* DialogV1.framework */,
				299FF25F1FAD5C980012595B /* DialogV1Tests.xctest */,
				299FF2611FAD5C980012595B /* DiscoveryV1.framework */,
				299FF2631FAD5C980012595B /* DiscoveryV1Tests.xctest */,
				299FF2651FAD5C980012595B /* DocumentConversionV1.framework */,
				299FF2671FAD5C980012595B /* DocumentConversionV1Tests.xctest */,
				299FF2691FAD5C980012595B /* LanguageTranslatorV2.framework */,
				299FF26B1FAD5C980012595B /* LanguageTranslatorV2Tests.xctest */,
				299FF26D1FAD5C980012595B /* NaturalLanguageClassifierV1.framework */,
				299FF26F1FAD5C980012595B /* NaturalLanguageClassifierV1Tests.xctest */,
				299FF2711FAD5C980012595B /* NaturalLanguageUnderstandingV1.framework */,
				299FF2731FAD5C980012595B /* NaturalLanguageUnderstandingV1Tests.xctest */,
				299FF2751FAD5C980012595B /* PersonalityInsightsV2.framework */,
				299FF2771FAD5C980012595B /* PersonalityInsightsV2Tests.xctest */,
				299FF2791FAD5C980012595B /* PersonalityInsightsV3.framework */,
				299FF27B1FAD5C980012595B /* PersonalityInsightsV3Tests.xctest */,
				299FF27D1FAD5C980012595B /* RelationshipExtractionV1Beta.framework */,
				299FF27F1FAD5C980012595B /* RelationshipExtractionV1BetaTests.xctest */,
				299FF2811FAD5C980012595B /* RetrieveAndRankV1.framework */,
				299FF2831FAD5C980012595B /* RetrieveAndRankV1Tests.xctest */,
				299FF2851FAD5C980012595B /* SpeechToTextV1.framework */,
				299FF2871FAD5C980012595B /* SpeechToTextV1Tests.xctest */,
				299FF2891FAD5C980012595B /* TextToSpeechV1.framework */,
				299FF28B1FAD5C980012595B /* TextToSpeechV1Tests.xctest */,
				299FF28D1FAD5C980012595B /* ToneAnalyzerV3.framework */,
				299FF28F1FAD5C980012595B /* ToneAnalyzerV3Tests.xctest */,
				299FF2911FAD5C980012595B /* TradeoffAnalyticsV1.framework */,
				299FF2931FAD5C980012595B /* TradeoffAnalyticsV1Tests.xctest */,
				299FF2951FAD5C980012595B /* VisualRecognitionV3.framework */,
				299FF2971FAD5C980012595B /* VisualRecognitionV3Tests.xctest */,
				299FF2991FAD5C980012595B /* RestKitTests.xctest */,
			);
			name = Products;
			sourceTree = "<group>";
		};
		8496EEDA1FA72B2500232112 = {
			isa = PBXGroup;
			children = (
				299FF2221FAD5C970012595B /* WatsonDeveloperCloud.xcodeproj */,
				8496EEE51FA72B2500232112 /* Refined Dictation */,
				8496EEFA1FA72B2500232112 /* Refined DictationTests */,
				8496EF051FA72B2500232112 /* Refined DictationUITests */,
				8496EEE41FA72B2500232112 /* Products */,
				125B07E3CF3EFE84090D4263 /* Pods */,
				E6394BEB37FED61A3C5FFA35 /* Frameworks */,
			);
			sourceTree = "<group>";
		};
		8496EEE41FA72B2500232112 /* Products */ = {
			isa = PBXGroup;
			children = (
				8496EEE31FA72B2500232112 /* Refined Dictation.app */,
				8496EEF71FA72B2500232112 /* Refined DictationTests.xctest */,
				8496EF021FA72B2500232112 /* Refined DictationUITests.xctest */,
			);
			name = Products;
			sourceTree = "<group>";
		};
		8496EEE51FA72B2500232112 /* Refined Dictation */ = {
			isa = PBXGroup;
			children = (
				29F71C1E1FB91BE7005C7205 /* Refined Dictation.entitlements */,
				7E383EAD1FBFAE3A004BCF80 /* simplediff.swift */,
				8496EEE61FA72B2500232112 /* AppDelegate.swift */,
				071719F61FB9270600EBA8F3 /* StartViewController.swift */,
				07FDAB151FB7F63C00D7D19A /* WelcomeViewController.swift */,
				294AF5091FB4EA330014356D /* KeychainItemAccessibility.swift */,
				294AF5301FB4EA330014356D /* KeychainWrapper.swift */,
				84F096A61FAC1006007E9E36 /* RecordingViewController.swift */,
				84F096A81FAC749D007E9E36 /* VerificationViewController.swift */,
				2916D4AD1FB9337A00F8271C /* InitializationViewController.swift */,
				2916D4AC1FB9337A00F8271C /* SignInViewController.swift */,
				2916D4AE1FB9337A00F8271C /* SignUpViewController.swift */,
				07FE22101FB01AE8006FE00F /* ExcludedCommonWordsList.txt */,
				8496EEEA1FA72B2500232112 /* Main.storyboard */,
				7EBBD3441FBCF5E400B9C7E9 /* GoogleService-Info.plist */,
				8496EEED1FA72B2500232112 /* Assets.xcassets */,
				8496EEEF1FA72B2500232112 /* LaunchScreen.storyboard */,
				8496EEF21FA72B2500232112 /* Info.plist */,
				299FF21F1FAD5AA00012595B /* dataObjs.swift */,
				299FF21E1FAD5AA00012595B /* audio-file.flac */,
			);
			path = "Refined Dictation";
			sourceTree = "<group>";
		};
		8496EEFA1FA72B2500232112 /* Refined DictationTests */ = {
			isa = PBXGroup;
			children = (
				07FE22921FB03958006FE00F /* SpeechFilterTests.swift */,
				07FE21DE1FAFCCEB006FE00F /* CommonFilterTests.swift */,
				8496EEFB1FA72B2500232112 /* Refined_DictationTests.swift */,
				8496EEFD1FA72B2500232112 /* Info.plist */,
			);
			path = "Refined DictationTests";
			sourceTree = "<group>";
		};
		8496EF051FA72B2500232112 /* Refined DictationUITests */ = {
			isa = PBXGroup;
			children = (
				8496EF061FA72B2500232112 /* Refined_DictationUITests.swift */,
				8496EF081FA72B2500232112 /* Info.plist */,
			);
			path = "Refined DictationUITests";
			sourceTree = "<group>";
		};
		E6394BEB37FED61A3C5FFA35 /* Frameworks */ = {
			isa = PBXGroup;
			children = (
				2B43AAF71306A2655FE13F6B /* Pods_Refined_Dictation.framework */,
				D9CEB24020945325424E2619 /* Pods_Refined_DictationTests.framework */,
				C238D9B695ED6AFF11214407 /* Pods_Refined_DictationUITests.framework */,
			);
			name = Frameworks;
			sourceTree = "<group>";
		};
/* End PBXGroup section */

/* Begin PBXNativeTarget section */
		8496EEE21FA72B2500232112 /* Refined Dictation */ = {
			isa = PBXNativeTarget;
			buildConfigurationList = 8496EF0B1FA72B2500232112 /* Build configuration list for PBXNativeTarget "Refined Dictation" */;
			buildPhases = (
				7D26305C00F9718C4EBBF1A1 /* [CP] Check Pods Manifest.lock */,
				8496EEDF1FA72B2500232112 /* Sources */,
				8496EEE01FA72B2500232112 /* Frameworks */,
				8496EEE11FA72B2500232112 /* Resources */,
				299FF29E1FAD5CC40012595B /* Embed Frameworks */,
				9AEFDA0B4914081598C6BB54 /* [CP] Embed Pods Frameworks */,
				F4330AA8C17DFB231A303F99 /* [CP] Copy Pods Resources */,
			);
			buildRules = (
			);
			dependencies = (
				299FF29D1FAD5CC40012595B /* PBXTargetDependency */,
			);
			name = "Refined Dictation";
			productName = "Refined Dictation";
			productReference = 8496EEE31FA72B2500232112 /* Refined Dictation.app */;
			productType = "com.apple.product-type.application";
		};
		8496EEF61FA72B2500232112 /* Refined DictationTests */ = {
			isa = PBXNativeTarget;
			buildConfigurationList = 8496EF0E1FA72B2500232112 /* Build configuration list for PBXNativeTarget "Refined DictationTests" */;
			buildPhases = (
				2A3ACED3360CAC8E6300AF44 /* [CP] Check Pods Manifest.lock */,
				8496EEF31FA72B2500232112 /* Sources */,
				8496EEF41FA72B2500232112 /* Frameworks */,
				8496EEF51FA72B2500232112 /* Resources */,
				AB7FE21C87BFC8DA74299E24 /* [CP] Embed Pods Frameworks */,
				2C691BFE22BD518EF269EA51 /* [CP] Copy Pods Resources */,
			);
			buildRules = (
			);
			dependencies = (
				8496EEF91FA72B2500232112 /* PBXTargetDependency */,
			);
			name = "Refined DictationTests";
			productName = "Refined DictationTests";
			productReference = 8496EEF71FA72B2500232112 /* Refined DictationTests.xctest */;
			productType = "com.apple.product-type.bundle.unit-test";
		};
		8496EF011FA72B2500232112 /* Refined DictationUITests */ = {
			isa = PBXNativeTarget;
			buildConfigurationList = 8496EF111FA72B2500232112 /* Build configuration list for PBXNativeTarget "Refined DictationUITests" */;
			buildPhases = (
				53CF2D4BB11AA3B2E6DC9CB0 /* [CP] Check Pods Manifest.lock */,
				8496EEFE1FA72B2500232112 /* Sources */,
				8496EEFF1FA72B2500232112 /* Frameworks */,
				8496EF001FA72B2500232112 /* Resources */,
				3984B3DA987753B660E2DB3E /* [CP] Embed Pods Frameworks */,
				4BB104A0BC6944929715D677 /* [CP] Copy Pods Resources */,
			);
			buildRules = (
			);
			dependencies = (
				8496EF041FA72B2500232112 /* PBXTargetDependency */,
			);
			name = "Refined DictationUITests";
			productName = "Refined DictationUITests";
			productReference = 8496EF021FA72B2500232112 /* Refined DictationUITests.xctest */;
			productType = "com.apple.product-type.bundle.ui-testing";
		};
/* End PBXNativeTarget section */

/* Begin PBXProject section */
		8496EEDB1FA72B2500232112 /* Project object */ = {
			isa = PBXProject;
			attributes = {
				LastSwiftUpdateCheck = 0830;
				LastUpgradeCheck = 0900;
				ORGANIZATIONNAME = Admin;
				TargetAttributes = {
					8496EEE21FA72B2500232112 = {
						CreatedOnToolsVersion = 8.3.3;
						ProvisioningStyle = Automatic;
						SystemCapabilities = {
							com.apple.Keychain = {
								enabled = 1;
							};
						};
					};
					8496EEF61FA72B2500232112 = {
						CreatedOnToolsVersion = 8.3.3;
						ProvisioningStyle = Automatic;
						TestTargetID = 8496EEE21FA72B2500232112;
					};
					8496EF011FA72B2500232112 = {
						CreatedOnToolsVersion = 8.3.3;
						ProvisioningStyle = Automatic;
						TestTargetID = 8496EEE21FA72B2500232112;
					};
				};
			};
			buildConfigurationList = 8496EEDE1FA72B2500232112 /* Build configuration list for PBXProject "Refined Dictation" */;
			compatibilityVersion = "Xcode 3.2";
			developmentRegion = English;
			hasScannedForEncodings = 0;
			knownRegions = (
				en,
				Base,
			);
			mainGroup = 8496EEDA1FA72B2500232112;
			productRefGroup = 8496EEE41FA72B2500232112 /* Products */;
			projectDirPath = "";
			projectReferences = (
				{
					ProductGroup = 299FF2231FAD5C970012595B /* Products */;
					ProjectRef = 299FF2221FAD5C970012595B /* WatsonDeveloperCloud.xcodeproj */;
				},
			);
			projectRoot = "";
			targets = (
				8496EEE21FA72B2500232112 /* Refined Dictation */,
				8496EEF61FA72B2500232112 /* Refined DictationTests */,
				8496EF011FA72B2500232112 /* Refined DictationUITests */,
			);
		};
/* End PBXProject section */

/* Begin PBXReferenceProxy section */
		299FF24D1FAD5C980012595B /* AlchemyDataNewsV1.framework */ = {
			isa = PBXReferenceProxy;
			fileType = wrapper.framework;
			path = AlchemyDataNewsV1.framework;
			remoteRef = 299FF24C1FAD5C980012595B /* PBXContainerItemProxy */;
			sourceTree = BUILT_PRODUCTS_DIR;
		};
		299FF24F1FAD5C980012595B /* AlchemyDataNewsV1Tests.xctest */ = {
			isa = PBXReferenceProxy;
			fileType = wrapper.cfbundle;
			path = AlchemyDataNewsV1Tests.xctest;
			remoteRef = 299FF24E1FAD5C980012595B /* PBXContainerItemProxy */;
			sourceTree = BUILT_PRODUCTS_DIR;
		};
		299FF2511FAD5C980012595B /* AlchemyLanguageV1.framework */ = {
			isa = PBXReferenceProxy;
			fileType = wrapper.framework;
			path = AlchemyLanguageV1.framework;
			remoteRef = 299FF2501FAD5C980012595B /* PBXContainerItemProxy */;
			sourceTree = BUILT_PRODUCTS_DIR;
		};
		299FF2531FAD5C980012595B /* AlchemyLanguageV1Tests.xctest */ = {
			isa = PBXReferenceProxy;
			fileType = wrapper.cfbundle;
			path = AlchemyLanguageV1Tests.xctest;
			remoteRef = 299FF2521FAD5C980012595B /* PBXContainerItemProxy */;
			sourceTree = BUILT_PRODUCTS_DIR;
		};
		299FF2551FAD5C980012595B /* AlchemyVisionV1.framework */ = {
			isa = PBXReferenceProxy;
			fileType = wrapper.framework;
			path = AlchemyVisionV1.framework;
			remoteRef = 299FF2541FAD5C980012595B /* PBXContainerItemProxy */;
			sourceTree = BUILT_PRODUCTS_DIR;
		};
		299FF2571FAD5C980012595B /* AlchemyVisionV1Tests.xctest */ = {
			isa = PBXReferenceProxy;
			fileType = wrapper.cfbundle;
			path = AlchemyVisionV1Tests.xctest;
			remoteRef = 299FF2561FAD5C980012595B /* PBXContainerItemProxy */;
			sourceTree = BUILT_PRODUCTS_DIR;
		};
		299FF2591FAD5C980012595B /* ConversationV1.framework */ = {
			isa = PBXReferenceProxy;
			fileType = wrapper.framework;
			path = ConversationV1.framework;
			remoteRef = 299FF2581FAD5C980012595B /* PBXContainerItemProxy */;
			sourceTree = BUILT_PRODUCTS_DIR;
		};
		299FF25B1FAD5C980012595B /* ConversationV1Tests.xctest */ = {
			isa = PBXReferenceProxy;
			fileType = wrapper.cfbundle;
			path = ConversationV1Tests.xctest;
			remoteRef = 299FF25A1FAD5C980012595B /* PBXContainerItemProxy */;
			sourceTree = BUILT_PRODUCTS_DIR;
		};
		299FF25D1FAD5C980012595B /* DialogV1.framework */ = {
			isa = PBXReferenceProxy;
			fileType = wrapper.framework;
			path = DialogV1.framework;
			remoteRef = 299FF25C1FAD5C980012595B /* PBXContainerItemProxy */;
			sourceTree = BUILT_PRODUCTS_DIR;
		};
		299FF25F1FAD5C980012595B /* DialogV1Tests.xctest */ = {
			isa = PBXReferenceProxy;
			fileType = wrapper.cfbundle;
			path = DialogV1Tests.xctest;
			remoteRef = 299FF25E1FAD5C980012595B /* PBXContainerItemProxy */;
			sourceTree = BUILT_PRODUCTS_DIR;
		};
		299FF2611FAD5C980012595B /* DiscoveryV1.framework */ = {
			isa = PBXReferenceProxy;
			fileType = wrapper.framework;
			path = DiscoveryV1.framework;
			remoteRef = 299FF2601FAD5C980012595B /* PBXContainerItemProxy */;
			sourceTree = BUILT_PRODUCTS_DIR;
		};
		299FF2631FAD5C980012595B /* DiscoveryV1Tests.xctest */ = {
			isa = PBXReferenceProxy;
			fileType = wrapper.cfbundle;
			path = DiscoveryV1Tests.xctest;
			remoteRef = 299FF2621FAD5C980012595B /* PBXContainerItemProxy */;
			sourceTree = BUILT_PRODUCTS_DIR;
		};
		299FF2651FAD5C980012595B /* DocumentConversionV1.framework */ = {
			isa = PBXReferenceProxy;
			fileType = wrapper.framework;
			path = DocumentConversionV1.framework;
			remoteRef = 299FF2641FAD5C980012595B /* PBXContainerItemProxy */;
			sourceTree = BUILT_PRODUCTS_DIR;
		};
		299FF2671FAD5C980012595B /* DocumentConversionV1Tests.xctest */ = {
			isa = PBXReferenceProxy;
			fileType = wrapper.cfbundle;
			path = DocumentConversionV1Tests.xctest;
			remoteRef = 299FF2661FAD5C980012595B /* PBXContainerItemProxy */;
			sourceTree = BUILT_PRODUCTS_DIR;
		};
		299FF2691FAD5C980012595B /* LanguageTranslatorV2.framework */ = {
			isa = PBXReferenceProxy;
			fileType = wrapper.framework;
			path = LanguageTranslatorV2.framework;
			remoteRef = 299FF2681FAD5C980012595B /* PBXContainerItemProxy */;
			sourceTree = BUILT_PRODUCTS_DIR;
		};
		299FF26B1FAD5C980012595B /* LanguageTranslatorV2Tests.xctest */ = {
			isa = PBXReferenceProxy;
			fileType = wrapper.cfbundle;
			path = LanguageTranslatorV2Tests.xctest;
			remoteRef = 299FF26A1FAD5C980012595B /* PBXContainerItemProxy */;
			sourceTree = BUILT_PRODUCTS_DIR;
		};
		299FF26D1FAD5C980012595B /* NaturalLanguageClassifierV1.framework */ = {
			isa = PBXReferenceProxy;
			fileType = wrapper.framework;
			path = NaturalLanguageClassifierV1.framework;
			remoteRef = 299FF26C1FAD5C980012595B /* PBXContainerItemProxy */;
			sourceTree = BUILT_PRODUCTS_DIR;
		};
		299FF26F1FAD5C980012595B /* NaturalLanguageClassifierV1Tests.xctest */ = {
			isa = PBXReferenceProxy;
			fileType = wrapper.cfbundle;
			path = NaturalLanguageClassifierV1Tests.xctest;
			remoteRef = 299FF26E1FAD5C980012595B /* PBXContainerItemProxy */;
			sourceTree = BUILT_PRODUCTS_DIR;
		};
		299FF2711FAD5C980012595B /* NaturalLanguageUnderstandingV1.framework */ = {
			isa = PBXReferenceProxy;
			fileType = wrapper.framework;
			path = NaturalLanguageUnderstandingV1.framework;
			remoteRef = 299FF2701FAD5C980012595B /* PBXContainerItemProxy */;
			sourceTree = BUILT_PRODUCTS_DIR;
		};
		299FF2731FAD5C980012595B /* NaturalLanguageUnderstandingV1Tests.xctest */ = {
			isa = PBXReferenceProxy;
			fileType = wrapper.cfbundle;
			path = NaturalLanguageUnderstandingV1Tests.xctest;
			remoteRef = 299FF2721FAD5C980012595B /* PBXContainerItemProxy */;
			sourceTree = BUILT_PRODUCTS_DIR;
		};
		299FF2751FAD5C980012595B /* PersonalityInsightsV2.framework */ = {
			isa = PBXReferenceProxy;
			fileType = wrapper.framework;
			path = PersonalityInsightsV2.framework;
			remoteRef = 299FF2741FAD5C980012595B /* PBXContainerItemProxy */;
			sourceTree = BUILT_PRODUCTS_DIR;
		};
		299FF2771FAD5C980012595B /* PersonalityInsightsV2Tests.xctest */ = {
			isa = PBXReferenceProxy;
			fileType = wrapper.cfbundle;
			path = PersonalityInsightsV2Tests.xctest;
			remoteRef = 299FF2761FAD5C980012595B /* PBXContainerItemProxy */;
			sourceTree = BUILT_PRODUCTS_DIR;
		};
		299FF2791FAD5C980012595B /* PersonalityInsightsV3.framework */ = {
			isa = PBXReferenceProxy;
			fileType = wrapper.framework;
			path = PersonalityInsightsV3.framework;
			remoteRef = 299FF2781FAD5C980012595B /* PBXContainerItemProxy */;
			sourceTree = BUILT_PRODUCTS_DIR;
		};
		299FF27B1FAD5C980012595B /* PersonalityInsightsV3Tests.xctest */ = {
			isa = PBXReferenceProxy;
			fileType = wrapper.cfbundle;
			path = PersonalityInsightsV3Tests.xctest;
			remoteRef = 299FF27A1FAD5C980012595B /* PBXContainerItemProxy */;
			sourceTree = BUILT_PRODUCTS_DIR;
		};
		299FF27D1FAD5C980012595B /* RelationshipExtractionV1Beta.framework */ = {
			isa = PBXReferenceProxy;
			fileType = wrapper.framework;
			path = RelationshipExtractionV1Beta.framework;
			remoteRef = 299FF27C1FAD5C980012595B /* PBXContainerItemProxy */;
			sourceTree = BUILT_PRODUCTS_DIR;
		};
		299FF27F1FAD5C980012595B /* RelationshipExtractionV1BetaTests.xctest */ = {
			isa = PBXReferenceProxy;
			fileType = wrapper.cfbundle;
			path = RelationshipExtractionV1BetaTests.xctest;
			remoteRef = 299FF27E1FAD5C980012595B /* PBXContainerItemProxy */;
			sourceTree = BUILT_PRODUCTS_DIR;
		};
		299FF2811FAD5C980012595B /* RetrieveAndRankV1.framework */ = {
			isa = PBXReferenceProxy;
			fileType = wrapper.framework;
			path = RetrieveAndRankV1.framework;
			remoteRef = 299FF2801FAD5C980012595B /* PBXContainerItemProxy */;
			sourceTree = BUILT_PRODUCTS_DIR;
		};
		299FF2831FAD5C980012595B /* RetrieveAndRankV1Tests.xctest */ = {
			isa = PBXReferenceProxy;
			fileType = wrapper.cfbundle;
			path = RetrieveAndRankV1Tests.xctest;
			remoteRef = 299FF2821FAD5C980012595B /* PBXContainerItemProxy */;
			sourceTree = BUILT_PRODUCTS_DIR;
		};
		299FF2851FAD5C980012595B /* SpeechToTextV1.framework */ = {
			isa = PBXReferenceProxy;
			fileType = wrapper.framework;
			path = SpeechToTextV1.framework;
			remoteRef = 299FF2841FAD5C980012595B /* PBXContainerItemProxy */;
			sourceTree = BUILT_PRODUCTS_DIR;
		};
		299FF2871FAD5C980012595B /* SpeechToTextV1Tests.xctest */ = {
			isa = PBXReferenceProxy;
			fileType = wrapper.cfbundle;
			path = SpeechToTextV1Tests.xctest;
			remoteRef = 299FF2861FAD5C980012595B /* PBXContainerItemProxy */;
			sourceTree = BUILT_PRODUCTS_DIR;
		};
		299FF2891FAD5C980012595B /* TextToSpeechV1.framework */ = {
			isa = PBXReferenceProxy;
			fileType = wrapper.framework;
			path = TextToSpeechV1.framework;
			remoteRef = 299FF2881FAD5C980012595B /* PBXContainerItemProxy */;
			sourceTree = BUILT_PRODUCTS_DIR;
		};
		299FF28B1FAD5C980012595B /* TextToSpeechV1Tests.xctest */ = {
			isa = PBXReferenceProxy;
			fileType = wrapper.cfbundle;
			path = TextToSpeechV1Tests.xctest;
			remoteRef = 299FF28A1FAD5C980012595B /* PBXContainerItemProxy */;
			sourceTree = BUILT_PRODUCTS_DIR;
		};
		299FF28D1FAD5C980012595B /* ToneAnalyzerV3.framework */ = {
			isa = PBXReferenceProxy;
			fileType = wrapper.framework;
			path = ToneAnalyzerV3.framework;
			remoteRef = 299FF28C1FAD5C980012595B /* PBXContainerItemProxy */;
			sourceTree = BUILT_PRODUCTS_DIR;
		};
		299FF28F1FAD5C980012595B /* ToneAnalyzerV3Tests.xctest */ = {
			isa = PBXReferenceProxy;
			fileType = wrapper.cfbundle;
			path = ToneAnalyzerV3Tests.xctest;
			remoteRef = 299FF28E1FAD5C980012595B /* PBXContainerItemProxy */;
			sourceTree = BUILT_PRODUCTS_DIR;
		};
		299FF2911FAD5C980012595B /* TradeoffAnalyticsV1.framework */ = {
			isa = PBXReferenceProxy;
			fileType = wrapper.framework;
			path = TradeoffAnalyticsV1.framework;
			remoteRef = 299FF2901FAD5C980012595B /* PBXContainerItemProxy */;
			sourceTree = BUILT_PRODUCTS_DIR;
		};
		299FF2931FAD5C980012595B /* TradeoffAnalyticsV1Tests.xctest */ = {
			isa = PBXReferenceProxy;
			fileType = wrapper.cfbundle;
			path = TradeoffAnalyticsV1Tests.xctest;
			remoteRef = 299FF2921FAD5C980012595B /* PBXContainerItemProxy */;
			sourceTree = BUILT_PRODUCTS_DIR;
		};
		299FF2951FAD5C980012595B /* VisualRecognitionV3.framework */ = {
			isa = PBXReferenceProxy;
			fileType = wrapper.framework;
			path = VisualRecognitionV3.framework;
			remoteRef = 299FF2941FAD5C980012595B /* PBXContainerItemProxy */;
			sourceTree = BUILT_PRODUCTS_DIR;
		};
		299FF2971FAD5C980012595B /* VisualRecognitionV3Tests.xctest */ = {
			isa = PBXReferenceProxy;
			fileType = wrapper.cfbundle;
			path = VisualRecognitionV3Tests.xctest;
			remoteRef = 299FF2961FAD5C980012595B /* PBXContainerItemProxy */;
			sourceTree = BUILT_PRODUCTS_DIR;
		};
		299FF2991FAD5C980012595B /* RestKitTests.xctest */ = {
			isa = PBXReferenceProxy;
			fileType = wrapper.cfbundle;
			path = RestKitTests.xctest;
			remoteRef = 299FF2981FAD5C980012595B /* PBXContainerItemProxy */;
			sourceTree = BUILT_PRODUCTS_DIR;
		};
/* End PBXReferenceProxy section */

/* Begin PBXResourcesBuildPhase section */
		8496EEE11FA72B2500232112 /* Resources */ = {
			isa = PBXResourcesBuildPhase;
			buildActionMask = 2147483647;
			files = (
				8496EEF11FA72B2500232112 /* LaunchScreen.storyboard in Resources */,
				8496EEEE1FA72B2500232112 /* Assets.xcassets in Resources */,
				299FF2201FAD5AA00012595B /* audio-file.flac in Resources */,
				8496EEEC1FA72B2500232112 /* Main.storyboard in Resources */,
				07FE22111FB01AE8006FE00F /* ExcludedCommonWordsList.txt in Resources */,
				7EBBD3451FBCF5E400B9C7E9 /* GoogleService-Info.plist in Resources */,
			);
			runOnlyForDeploymentPostprocessing = 0;
		};
		8496EEF51FA72B2500232112 /* Resources */ = {
			isa = PBXResourcesBuildPhase;
			buildActionMask = 2147483647;
			files = (
				7EBBD3461FBCF5E400B9C7E9 /* GoogleService-Info.plist in Resources */,
			);
			runOnlyForDeploymentPostprocessing = 0;
		};
		8496EF001FA72B2500232112 /* Resources */ = {
			isa = PBXResourcesBuildPhase;
			buildActionMask = 2147483647;
			files = (
				7EBBD3471FBCF5E400B9C7E9 /* GoogleService-Info.plist in Resources */,
			);
			runOnlyForDeploymentPostprocessing = 0;
		};
/* End PBXResourcesBuildPhase section */

/* Begin PBXShellScriptBuildPhase section */
		2A3ACED3360CAC8E6300AF44 /* [CP] Check Pods Manifest.lock */ = {
			isa = PBXShellScriptBuildPhase;
			buildActionMask = 2147483647;
			files = (
			);
			inputPaths = (
				"${PODS_PODFILE_DIR_PATH}/Podfile.lock",
				"${PODS_ROOT}/Manifest.lock",
			);
			name = "[CP] Check Pods Manifest.lock";
			outputPaths = (
				"$(DERIVED_FILE_DIR)/Pods-Refined DictationTests-checkManifestLockResult.txt",
			);
			runOnlyForDeploymentPostprocessing = 0;
			shellPath = /bin/sh;
			shellScript = "diff \"${PODS_PODFILE_DIR_PATH}/Podfile.lock\" \"${PODS_ROOT}/Manifest.lock\" > /dev/null\nif [ $? != 0 ] ; then\n    # print error to STDERR\n    echo \"error: The sandbox is not in sync with the Podfile.lock. Run 'pod install' or update your CocoaPods installation.\" >&2\n    exit 1\nfi\n# This output is used by Xcode 'outputs' to avoid re-running this script phase.\necho \"SUCCESS\" > \"${SCRIPT_OUTPUT_FILE_0}\"\n";
			showEnvVarsInLog = 0;
		};
		2C691BFE22BD518EF269EA51 /* [CP] Copy Pods Resources */ = {
			isa = PBXShellScriptBuildPhase;
			buildActionMask = 2147483647;
			files = (
			);
			inputPaths = (
			);
			name = "[CP] Copy Pods Resources";
			outputPaths = (
			);
			runOnlyForDeploymentPostprocessing = 0;
			shellPath = /bin/sh;
			shellScript = "\"${SRCROOT}/Pods/Target Support Files/Pods-Refined DictationTests/Pods-Refined DictationTests-resources.sh\"\n";
			showEnvVarsInLog = 0;
		};
		3984B3DA987753B660E2DB3E /* [CP] Embed Pods Frameworks */ = {
			isa = PBXShellScriptBuildPhase;
			buildActionMask = 2147483647;
			files = (
			);
			inputPaths = (
			);
			name = "[CP] Embed Pods Frameworks";
			outputPaths = (
			);
			runOnlyForDeploymentPostprocessing = 0;
			shellPath = /bin/sh;
			shellScript = "\"${SRCROOT}/Pods/Target Support Files/Pods-Refined DictationUITests/Pods-Refined DictationUITests-frameworks.sh\"\n";
			showEnvVarsInLog = 0;
		};
		4BB104A0BC6944929715D677 /* [CP] Copy Pods Resources */ = {
			isa = PBXShellScriptBuildPhase;
			buildActionMask = 2147483647;
			files = (
			);
			inputPaths = (
			);
			name = "[CP] Copy Pods Resources";
			outputPaths = (
			);
			runOnlyForDeploymentPostprocessing = 0;
			shellPath = /bin/sh;
			shellScript = "\"${SRCROOT}/Pods/Target Support Files/Pods-Refined DictationUITests/Pods-Refined DictationUITests-resources.sh\"\n";
			showEnvVarsInLog = 0;
		};
		53CF2D4BB11AA3B2E6DC9CB0 /* [CP] Check Pods Manifest.lock */ = {
			isa = PBXShellScriptBuildPhase;
			buildActionMask = 2147483647;
			files = (
			);
			inputPaths = (
				"${PODS_PODFILE_DIR_PATH}/Podfile.lock",
				"${PODS_ROOT}/Manifest.lock",
			);
			name = "[CP] Check Pods Manifest.lock";
			outputPaths = (
				"$(DERIVED_FILE_DIR)/Pods-Refined DictationUITests-checkManifestLockResult.txt",
			);
			runOnlyForDeploymentPostprocessing = 0;
			shellPath = /bin/sh;
			shellScript = "diff \"${PODS_PODFILE_DIR_PATH}/Podfile.lock\" \"${PODS_ROOT}/Manifest.lock\" > /dev/null\nif [ $? != 0 ] ; then\n    # print error to STDERR\n    echo \"error: The sandbox is not in sync with the Podfile.lock. Run 'pod install' or update your CocoaPods installation.\" >&2\n    exit 1\nfi\n# This output is used by Xcode 'outputs' to avoid re-running this script phase.\necho \"SUCCESS\" > \"${SCRIPT_OUTPUT_FILE_0}\"\n";
			showEnvVarsInLog = 0;
		};
		7D26305C00F9718C4EBBF1A1 /* [CP] Check Pods Manifest.lock */ = {
			isa = PBXShellScriptBuildPhase;
			buildActionMask = 2147483647;
			files = (
			);
			inputPaths = (
				"${PODS_PODFILE_DIR_PATH}/Podfile.lock",
				"${PODS_ROOT}/Manifest.lock",
			);
			name = "[CP] Check Pods Manifest.lock";
			outputPaths = (
				"$(DERIVED_FILE_DIR)/Pods-Refined Dictation-checkManifestLockResult.txt",
			);
			runOnlyForDeploymentPostprocessing = 0;
			shellPath = /bin/sh;
			shellScript = "diff \"${PODS_PODFILE_DIR_PATH}/Podfile.lock\" \"${PODS_ROOT}/Manifest.lock\" > /dev/null\nif [ $? != 0 ] ; then\n    # print error to STDERR\n    echo \"error: The sandbox is not in sync with the Podfile.lock. Run 'pod install' or update your CocoaPods installation.\" >&2\n    exit 1\nfi\n# This output is used by Xcode 'outputs' to avoid re-running this script phase.\necho \"SUCCESS\" > \"${SCRIPT_OUTPUT_FILE_0}\"\n";
			showEnvVarsInLog = 0;
		};
		9AEFDA0B4914081598C6BB54 /* [CP] Embed Pods Frameworks */ = {
			isa = PBXShellScriptBuildPhase;
			buildActionMask = 2147483647;
			files = (
			);
			inputPaths = (
				"${SRCROOT}/Pods/Target Support Files/Pods-Refined Dictation/Pods-Refined Dictation-frameworks.sh",
				"${BUILT_PRODUCTS_DIR}/Bolts/Bolts.framework",
				"${BUILT_PRODUCTS_DIR}/BoringSSL/openssl.framework",
				"${BUILT_PRODUCTS_DIR}/FBSDKCoreKit/FBSDKCoreKit.framework",
				"${BUILT_PRODUCTS_DIR}/FBSDKLoginKit/FBSDKLoginKit.framework",
				"${BUILT_PRODUCTS_DIR}/GTMOAuth2/GTMOAuth2.framework",
				"${BUILT_PRODUCTS_DIR}/GTMSessionFetcher/GTMSessionFetcher.framework",
				"${BUILT_PRODUCTS_DIR}/GoogleToolboxForMac/GoogleToolboxForMac.framework",
				"${BUILT_PRODUCTS_DIR}/Protobuf/Protobuf.framework",
				"${BUILT_PRODUCTS_DIR}/SDWebImage/SDWebImage.framework",
				"${BUILT_PRODUCTS_DIR}/gRPC/GRPCClient.framework",
				"${BUILT_PRODUCTS_DIR}/gRPC-Core/grpc.framework",
				"${BUILT_PRODUCTS_DIR}/gRPC-ProtoRPC/ProtoRPC.framework",
				"${BUILT_PRODUCTS_DIR}/gRPC-RxLibrary/RxLibrary.framework",
				"${BUILT_PRODUCTS_DIR}/leveldb-library/leveldb.framework",
				"${BUILT_PRODUCTS_DIR}/nanopb/nanopb.framework",
			);
			name = "[CP] Embed Pods Frameworks";
			outputPaths = (
				"${TARGET_BUILD_DIR}/${FRAMEWORKS_FOLDER_PATH}/Bolts.framework",
				"${TARGET_BUILD_DIR}/${FRAMEWORKS_FOLDER_PATH}/openssl.framework",
				"${TARGET_BUILD_DIR}/${FRAMEWORKS_FOLDER_PATH}/FBSDKCoreKit.framework",
				"${TARGET_BUILD_DIR}/${FRAMEWORKS_FOLDER_PATH}/FBSDKLoginKit.framework",
				"${TARGET_BUILD_DIR}/${FRAMEWORKS_FOLDER_PATH}/GTMOAuth2.framework",
				"${TARGET_BUILD_DIR}/${FRAMEWORKS_FOLDER_PATH}/GTMSessionFetcher.framework",
				"${TARGET_BUILD_DIR}/${FRAMEWORKS_FOLDER_PATH}/GoogleToolboxForMac.framework",
				"${TARGET_BUILD_DIR}/${FRAMEWORKS_FOLDER_PATH}/Protobuf.framework",
				"${TARGET_BUILD_DIR}/${FRAMEWORKS_FOLDER_PATH}/SDWebImage.framework",
				"${TARGET_BUILD_DIR}/${FRAMEWORKS_FOLDER_PATH}/GRPCClient.framework",
				"${TARGET_BUILD_DIR}/${FRAMEWORKS_FOLDER_PATH}/grpc.framework",
				"${TARGET_BUILD_DIR}/${FRAMEWORKS_FOLDER_PATH}/ProtoRPC.framework",
				"${TARGET_BUILD_DIR}/${FRAMEWORKS_FOLDER_PATH}/RxLibrary.framework",
				"${TARGET_BUILD_DIR}/${FRAMEWORKS_FOLDER_PATH}/leveldb.framework",
				"${TARGET_BUILD_DIR}/${FRAMEWORKS_FOLDER_PATH}/nanopb.framework",
			);
			runOnlyForDeploymentPostprocessing = 0;
			shellPath = /bin/sh;
			shellScript = "\"${SRCROOT}/Pods/Target Support Files/Pods-Refined Dictation/Pods-Refined Dictation-frameworks.sh\"\n";
			showEnvVarsInLog = 0;
		};
		AB7FE21C87BFC8DA74299E24 /* [CP] Embed Pods Frameworks */ = {
			isa = PBXShellScriptBuildPhase;
			buildActionMask = 2147483647;
			files = (
			);
			inputPaths = (
			);
			name = "[CP] Embed Pods Frameworks";
			outputPaths = (
			);
			runOnlyForDeploymentPostprocessing = 0;
			shellPath = /bin/sh;
			shellScript = "\"${SRCROOT}/Pods/Target Support Files/Pods-Refined DictationTests/Pods-Refined DictationTests-frameworks.sh\"\n";
			showEnvVarsInLog = 0;
		};
		F4330AA8C17DFB231A303F99 /* [CP] Copy Pods Resources */ = {
			isa = PBXShellScriptBuildPhase;
			buildActionMask = 2147483647;
			files = (
			);
			inputPaths = (
				"${SRCROOT}/Pods/Target Support Files/Pods-Refined Dictation/Pods-Refined Dictation-resources.sh",
				$PODS_CONFIGURATION_BUILD_DIR/FirebaseUI/FirebaseAuthUI.bundle,
				$PODS_CONFIGURATION_BUILD_DIR/FirebaseUI/FirebaseFacebookAuthUI.bundle,
				$PODS_CONFIGURATION_BUILD_DIR/FirebaseUI/FirebaseGoogleAuthUI.bundle,
				$PODS_CONFIGURATION_BUILD_DIR/FirebaseUI/FirebasePhoneAuthUI.bundle,
				$PODS_CONFIGURATION_BUILD_DIR/FirebaseUI/FirebaseTwitterAuthUI.bundle,
				"${PODS_ROOT}/GoogleSignIn/Resources/GoogleSignIn.bundle",
				"${PODS_ROOT}/TwitterKit/iOS/TwitterKit.framework/TwitterKitResources.bundle",
				"${PODS_ROOT}/TwitterKit/iOS/TwitterKit.framework/TwitterShareExtensionUIResources.bundle",
			);
			name = "[CP] Copy Pods Resources";
			outputPaths = (
				"${TARGET_BUILD_DIR}/${UNLOCALIZED_RESOURCES_FOLDER_PATH}",
			);
			runOnlyForDeploymentPostprocessing = 0;
			shellPath = /bin/sh;
			shellScript = "\"${SRCROOT}/Pods/Target Support Files/Pods-Refined Dictation/Pods-Refined Dictation-resources.sh\"\n";
			showEnvVarsInLog = 0;
		};
/* End PBXShellScriptBuildPhase section */

/* Begin PBXSourcesBuildPhase section */
		8496EEDF1FA72B2500232112 /* Sources */ = {
			isa = PBXSourcesBuildPhase;
			buildActionMask = 2147483647;
			files = (
				2916D4B51FB9337A00F8271C /* SignUpViewController.swift in Sources */,
				84F096A71FAC1006007E9E36 /* RecordingViewController.swift in Sources */,
				7E383EAF1FBFAE3A004BCF80 /* simplediff.swift in Sources */,
				07FDAB161FB7F63C00D7D19A /* WelcomeViewController.swift in Sources */,
				299FF2211FAD5AA00012595B /* dataObjs.swift in Sources */,
				294AF5321FB4EA330014356D /* KeychainWrapper.swift in Sources */,
				07171A1D1FB9270600EBA8F3 /* StartViewController.swift in Sources */,
				2916D4AF1FB9337A00F8271C /* SignInViewController.swift in Sources */,
				294AF5311FB4EA330014356D /* KeychainItemAccessibility.swift in Sources */,
				84F096A91FAC749D007E9E36 /* VerificationViewController.swift in Sources */,
				2916D4B21FB9337A00F8271C /* InitializationViewController.swift in Sources */,
				8496EEE71FA72B2500232112 /* AppDelegate.swift in Sources */,
			);
			runOnlyForDeploymentPostprocessing = 0;
		};
		8496EEF31FA72B2500232112 /* Sources */ = {
			isa = PBXSourcesBuildPhase;
			buildActionMask = 2147483647;
			files = (
				2916D4B61FB9337A00F8271C /* SignUpViewController.swift in Sources */,
				2916D4B01FB9337A00F8271C /* SignInViewController.swift in Sources */,
				07FE21DF1FAFCCEB006FE00F /* CommonFilterTests.swift in Sources */,
				7E383EB01FBFAE3A004BCF80 /* simplediff.swift in Sources */,
				07FE22931FB03958006FE00F /* SpeechFilterTests.swift in Sources */,
				2916D4B31FB9337A00F8271C /* InitializationViewController.swift in Sources */,
				8496EEFC1FA72B2500232112 /* Refined_DictationTests.swift in Sources */,
			);
			runOnlyForDeploymentPostprocessing = 0;
		};
		8496EEFE1FA72B2500232112 /* Sources */ = {
			isa = PBXSourcesBuildPhase;
			buildActionMask = 2147483647;
			files = (
				2916D4B11FB9337A00F8271C /* SignInViewController.swift in Sources */,
				7E383EB11FBFAE3A004BCF80 /* simplediff.swift in Sources */,
				8496EF071FA72B2500232112 /* Refined_DictationUITests.swift in Sources */,
				2916D4B71FB9337A00F8271C /* SignUpViewController.swift in Sources */,
				2916D4B41FB9337A00F8271C /* InitializationViewController.swift in Sources */,
			);
			runOnlyForDeploymentPostprocessing = 0;
		};
/* End PBXSourcesBuildPhase section */

/* Begin PBXTargetDependency section */
		299FF29D1FAD5CC40012595B /* PBXTargetDependency */ = {
			isa = PBXTargetDependency;
			name = SpeechToTextV1;
			targetProxy = 299FF29C1FAD5CC40012595B /* PBXContainerItemProxy */;
		};
		8496EEF91FA72B2500232112 /* PBXTargetDependency */ = {
			isa = PBXTargetDependency;
			target = 8496EEE21FA72B2500232112 /* Refined Dictation */;
			targetProxy = 8496EEF81FA72B2500232112 /* PBXContainerItemProxy */;
		};
		8496EF041FA72B2500232112 /* PBXTargetDependency */ = {
			isa = PBXTargetDependency;
			target = 8496EEE21FA72B2500232112 /* Refined Dictation */;
			targetProxy = 8496EF031FA72B2500232112 /* PBXContainerItemProxy */;
		};
/* End PBXTargetDependency section */

/* Begin PBXVariantGroup section */
		8496EEEA1FA72B2500232112 /* Main.storyboard */ = {
			isa = PBXVariantGroup;
			children = (
				8496EEEB1FA72B2500232112 /* Base */,
			);
			name = Main.storyboard;
			sourceTree = "<group>";
		};
		8496EEEF1FA72B2500232112 /* LaunchScreen.storyboard */ = {
			isa = PBXVariantGroup;
			children = (
				8496EEF01FA72B2500232112 /* Base */,
			);
			name = LaunchScreen.storyboard;
			sourceTree = "<group>";
		};
/* End PBXVariantGroup section */

/* Begin XCBuildConfiguration section */
		8496EF091FA72B2500232112 /* Debug */ = {
			isa = XCBuildConfiguration;
			buildSettings = {
				ALWAYS_SEARCH_USER_PATHS = NO;
				CLANG_ANALYZER_NONNULL = YES;
				CLANG_ANALYZER_NUMBER_OBJECT_CONVERSION = YES_AGGRESSIVE;
				CLANG_CXX_LANGUAGE_STANDARD = "gnu++0x";
				CLANG_CXX_LIBRARY = "libc++";
				CLANG_ENABLE_MODULES = YES;
				CLANG_ENABLE_OBJC_ARC = YES;
				CLANG_WARN_BLOCK_CAPTURE_AUTORELEASING = YES;
				CLANG_WARN_BOOL_CONVERSION = YES;
				CLANG_WARN_COMMA = YES;
				CLANG_WARN_CONSTANT_CONVERSION = YES;
				CLANG_WARN_DIRECT_OBJC_ISA_USAGE = YES_ERROR;
				CLANG_WARN_DOCUMENTATION_COMMENTS = YES;
				CLANG_WARN_EMPTY_BODY = YES;
				CLANG_WARN_ENUM_CONVERSION = YES;
				CLANG_WARN_INFINITE_RECURSION = YES;
				CLANG_WARN_INT_CONVERSION = YES;
				CLANG_WARN_NON_LITERAL_NULL_CONVERSION = YES;
				CLANG_WARN_OBJC_LITERAL_CONVERSION = YES;
				CLANG_WARN_OBJC_ROOT_CLASS = YES_ERROR;
				CLANG_WARN_RANGE_LOOP_ANALYSIS = YES;
				CLANG_WARN_STRICT_PROTOTYPES = YES;
				CLANG_WARN_SUSPICIOUS_MOVE = YES;
				CLANG_WARN_UNREACHABLE_CODE = YES;
				CLANG_WARN__DUPLICATE_METHOD_MATCH = YES;
				"CODE_SIGN_IDENTITY[sdk=iphoneos*]" = "iPhone Developer";
				COPY_PHASE_STRIP = NO;
				DEBUG_INFORMATION_FORMAT = dwarf;
				ENABLE_STRICT_OBJC_MSGSEND = YES;
				ENABLE_TESTABILITY = YES;
				GCC_C_LANGUAGE_STANDARD = gnu99;
				GCC_DYNAMIC_NO_PIC = NO;
				GCC_NO_COMMON_BLOCKS = YES;
				GCC_OPTIMIZATION_LEVEL = 0;
				GCC_PREPROCESSOR_DEFINITIONS = (
					"DEBUG=1",
					"$(inherited)",
				);
				GCC_WARN_64_TO_32_BIT_CONVERSION = YES;
				GCC_WARN_ABOUT_RETURN_TYPE = YES_ERROR;
				GCC_WARN_UNDECLARED_SELECTOR = YES;
				GCC_WARN_UNINITIALIZED_AUTOS = YES_AGGRESSIVE;
				GCC_WARN_UNUSED_FUNCTION = YES;
				GCC_WARN_UNUSED_VARIABLE = YES;
				IPHONEOS_DEPLOYMENT_TARGET = 11.0;
				MTL_ENABLE_DEBUG_INFO = YES;
				ONLY_ACTIVE_ARCH = YES;
				OTHER_LDFLAGS = "";
				SDKROOT = iphoneos;
				SWIFT_ACTIVE_COMPILATION_CONDITIONS = "DEBUG VER2";
				SWIFT_OPTIMIZATION_LEVEL = "-Onone";
				SWIFT_VERSION = 4.0;
			};
			name = Debug;
		};
		8496EF0A1FA72B2500232112 /* Release */ = {
			isa = XCBuildConfiguration;
			buildSettings = {
				ALWAYS_SEARCH_USER_PATHS = NO;
				CLANG_ANALYZER_NONNULL = YES;
				CLANG_ANALYZER_NUMBER_OBJECT_CONVERSION = YES_AGGRESSIVE;
				CLANG_CXX_LANGUAGE_STANDARD = "gnu++0x";
				CLANG_CXX_LIBRARY = "libc++";
				CLANG_ENABLE_MODULES = YES;
				CLANG_ENABLE_OBJC_ARC = YES;
				CLANG_WARN_BLOCK_CAPTURE_AUTORELEASING = YES;
				CLANG_WARN_BOOL_CONVERSION = YES;
				CLANG_WARN_COMMA = YES;
				CLANG_WARN_CONSTANT_CONVERSION = YES;
				CLANG_WARN_DIRECT_OBJC_ISA_USAGE = YES_ERROR;
				CLANG_WARN_DOCUMENTATION_COMMENTS = YES;
				CLANG_WARN_EMPTY_BODY = YES;
				CLANG_WARN_ENUM_CONVERSION = YES;
				CLANG_WARN_INFINITE_RECURSION = YES;
				CLANG_WARN_INT_CONVERSION = YES;
				CLANG_WARN_NON_LITERAL_NULL_CONVERSION = YES;
				CLANG_WARN_OBJC_LITERAL_CONVERSION = YES;
				CLANG_WARN_OBJC_ROOT_CLASS = YES_ERROR;
				CLANG_WARN_RANGE_LOOP_ANALYSIS = YES;
				CLANG_WARN_STRICT_PROTOTYPES = YES;
				CLANG_WARN_SUSPICIOUS_MOVE = YES;
				CLANG_WARN_UNREACHABLE_CODE = YES;
				CLANG_WARN__DUPLICATE_METHOD_MATCH = YES;
				"CODE_SIGN_IDENTITY[sdk=iphoneos*]" = "iPhone Developer";
				COPY_PHASE_STRIP = NO;
				DEBUG_INFORMATION_FORMAT = "dwarf-with-dsym";
				ENABLE_NS_ASSERTIONS = NO;
				ENABLE_STRICT_OBJC_MSGSEND = YES;
				GCC_C_LANGUAGE_STANDARD = gnu99;
				GCC_NO_COMMON_BLOCKS = YES;
				GCC_WARN_64_TO_32_BIT_CONVERSION = YES;
				GCC_WARN_ABOUT_RETURN_TYPE = YES_ERROR;
				GCC_WARN_UNDECLARED_SELECTOR = YES;
				GCC_WARN_UNINITIALIZED_AUTOS = YES_AGGRESSIVE;
				GCC_WARN_UNUSED_FUNCTION = YES;
				GCC_WARN_UNUSED_VARIABLE = YES;
				IPHONEOS_DEPLOYMENT_TARGET = 11.0;
				MTL_ENABLE_DEBUG_INFO = NO;
				OTHER_LDFLAGS = "";
				SDKROOT = iphoneos;
				SWIFT_ACTIVE_COMPILATION_CONDITIONS = VER2;
				SWIFT_OPTIMIZATION_LEVEL = "-Owholemodule";
				SWIFT_VERSION = 4.0;
				VALIDATE_PRODUCT = YES;
			};
			name = Release;
		};
		8496EF0C1FA72B2500232112 /* Debug */ = {
			isa = XCBuildConfiguration;
			baseConfigurationReference = B0EC71B7A293AEDA186A1E96 /* Pods-Refined Dictation.debug.xcconfig */;
			buildSettings = {
				ALWAYS_EMBED_SWIFT_STANDARD_LIBRARIES = YES;
				ASSETCATALOG_COMPILER_APPICON_NAME = AppIcon;
				CODE_SIGN_ENTITLEMENTS = "Refined Dictation/Refined Dictation.entitlements";
				DEVELOPMENT_TEAM = "";
				FRAMEWORK_SEARCH_PATHS = (
					"$(inherited)",
					"$(PROJECT_DIR)",
				);
				INFOPLIST_FILE = "Refined Dictation/Info.plist";
				IPHONEOS_DEPLOYMENT_TARGET = 11.0;
				LD_RUNPATH_SEARCH_PATHS = "$(inherited) @executable_path/Frameworks";
				PRODUCT_BUNDLE_IDENTIFIER = "com.refined-dictation.ios";
				PRODUCT_NAME = "$(TARGET_NAME)";
				SWIFT_VERSION = 3.0;
				TARGETED_DEVICE_FAMILY = 1;
			};
			name = Debug;
		};
		8496EF0D1FA72B2500232112 /* Release */ = {
			isa = XCBuildConfiguration;
			baseConfigurationReference = 8ABBA07580B958550DDAF5B9 /* Pods-Refined Dictation.release.xcconfig */;
			buildSettings = {
				ALWAYS_EMBED_SWIFT_STANDARD_LIBRARIES = YES;
				ASSETCATALOG_COMPILER_APPICON_NAME = AppIcon;
				CODE_SIGN_ENTITLEMENTS = "Refined Dictation/Refined Dictation.entitlements";
				DEVELOPMENT_TEAM = "";
				FRAMEWORK_SEARCH_PATHS = (
					"$(inherited)",
					"$(PROJECT_DIR)",
				);
				INFOPLIST_FILE = "Refined Dictation/Info.plist";
				IPHONEOS_DEPLOYMENT_TARGET = 11.0;
				LD_RUNPATH_SEARCH_PATHS = "$(inherited) @executable_path/Frameworks";
				PRODUCT_BUNDLE_IDENTIFIER = "com.refined-dictation.ios";
				PRODUCT_NAME = "$(TARGET_NAME)";
				SWIFT_VERSION = 3.0;
				TARGETED_DEVICE_FAMILY = 1;
			};
			name = Release;
		};
		8496EF0F1FA72B2500232112 /* Debug */ = {
			isa = XCBuildConfiguration;
			baseConfigurationReference = B609DD33EF445011B39048DE /* Pods-Refined DictationTests.debug.xcconfig */;
			buildSettings = {
				ALWAYS_EMBED_SWIFT_STANDARD_LIBRARIES = YES;
				BUNDLE_LOADER = "$(TEST_HOST)";
				FRAMEWORK_SEARCH_PATHS = (
					"$(inherited)",
					"$(PROJECT_DIR)",
				);
				INFOPLIST_FILE = "Refined DictationTests/Info.plist";
				LD_RUNPATH_SEARCH_PATHS = "$(inherited) @executable_path/Frameworks @loader_path/Frameworks";
				PRODUCT_BUNDLE_IDENTIFIER = "c.Refined-DictationTests";
				PRODUCT_NAME = "$(TARGET_NAME)";
				SWIFT_VERSION = 3.0;
				TEST_HOST = "$(BUILT_PRODUCTS_DIR)/Refined Dictation.app/Refined Dictation";
			};
			name = Debug;
		};
		8496EF101FA72B2500232112 /* Release */ = {
			isa = XCBuildConfiguration;
			baseConfigurationReference = 8706F39B204CE53572445B57 /* Pods-Refined DictationTests.release.xcconfig */;
			buildSettings = {
				ALWAYS_EMBED_SWIFT_STANDARD_LIBRARIES = YES;
				BUNDLE_LOADER = "$(TEST_HOST)";
				FRAMEWORK_SEARCH_PATHS = (
					"$(inherited)",
					"$(PROJECT_DIR)",
				);
				INFOPLIST_FILE = "Refined DictationTests/Info.plist";
				LD_RUNPATH_SEARCH_PATHS = "$(inherited) @executable_path/Frameworks @loader_path/Frameworks";
				PRODUCT_BUNDLE_IDENTIFIER = "c.Refined-DictationTests";
				PRODUCT_NAME = "$(TARGET_NAME)";
				SWIFT_VERSION = 3.0;
				TEST_HOST = "$(BUILT_PRODUCTS_DIR)/Refined Dictation.app/Refined Dictation";
			};
			name = Release;
		};
		8496EF121FA72B2500232112 /* Debug */ = {
			isa = XCBuildConfiguration;
			baseConfigurationReference = 34FB49B7118883150F4AAA5C /* Pods-Refined DictationUITests.debug.xcconfig */;
			buildSettings = {
				ALWAYS_EMBED_SWIFT_STANDARD_LIBRARIES = YES;
				FRAMEWORK_SEARCH_PATHS = (
					"$(inherited)",
					"$(PROJECT_DIR)",
				);
				INFOPLIST_FILE = "Refined DictationUITests/Info.plist";
				LD_RUNPATH_SEARCH_PATHS = "$(inherited) @executable_path/Frameworks @loader_path/Frameworks";
				PRODUCT_BUNDLE_IDENTIFIER = "c.Refined-DictationUITests";
				PRODUCT_NAME = "$(TARGET_NAME)";
				SWIFT_VERSION = 3.0;
				TEST_TARGET_NAME = "Refined Dictation";
			};
			name = Debug;
		};
		8496EF131FA72B2500232112 /* Release */ = {
			isa = XCBuildConfiguration;
			baseConfigurationReference = CAA4B7451E9D24EB6DF8DE74 /* Pods-Refined DictationUITests.release.xcconfig */;
			buildSettings = {
				ALWAYS_EMBED_SWIFT_STANDARD_LIBRARIES = YES;
				FRAMEWORK_SEARCH_PATHS = (
					"$(inherited)",
					"$(PROJECT_DIR)",
				);
				INFOPLIST_FILE = "Refined DictationUITests/Info.plist";
				LD_RUNPATH_SEARCH_PATHS = "$(inherited) @executable_path/Frameworks @loader_path/Frameworks";
				PRODUCT_BUNDLE_IDENTIFIER = "c.Refined-DictationUITests";
				PRODUCT_NAME = "$(TARGET_NAME)";
				SWIFT_VERSION = 3.0;
				TEST_TARGET_NAME = "Refined Dictation";
			};
			name = Release;
		};
/* End XCBuildConfiguration section */

/* Begin XCConfigurationList section */
		8496EEDE1FA72B2500232112 /* Build configuration list for PBXProject "Refined Dictation" */ = {
			isa = XCConfigurationList;
			buildConfigurations = (
				8496EF091FA72B2500232112 /* Debug */,
				8496EF0A1FA72B2500232112 /* Release */,
			);
			defaultConfigurationIsVisible = 0;
			defaultConfigurationName = Release;
		};
		8496EF0B1FA72B2500232112 /* Build configuration list for PBXNativeTarget "Refined Dictation" */ = {
			isa = XCConfigurationList;
			buildConfigurations = (
				8496EF0C1FA72B2500232112 /* Debug */,
				8496EF0D1FA72B2500232112 /* Release */,
			);
			defaultConfigurationIsVisible = 0;
			defaultConfigurationName = Release;
		};
		8496EF0E1FA72B2500232112 /* Build configuration list for PBXNativeTarget "Refined DictationTests" */ = {
			isa = XCConfigurationList;
			buildConfigurations = (
				8496EF0F1FA72B2500232112 /* Debug */,
				8496EF101FA72B2500232112 /* Release */,
			);
			defaultConfigurationIsVisible = 0;
			defaultConfigurationName = Release;
		};
		8496EF111FA72B2500232112 /* Build configuration list for PBXNativeTarget "Refined DictationUITests" */ = {
			isa = XCConfigurationList;
			buildConfigurations = (
				8496EF121FA72B2500232112 /* Debug */,
				8496EF131FA72B2500232112 /* Release */,
			);
			defaultConfigurationIsVisible = 0;
			defaultConfigurationName = Release;
		};
/* End XCConfigurationList section */
	};
	rootObject = 8496EEDB1FA72B2500232112 /* Project object */;
}
